
Microsoft Visual Studio Solution File, Format Version 12.00
# Visual Studio Version 17
VisualStudioVersion = 17.4.33213.308
MinimumVisualStudioVersion = 10.0.40219.1
Project("{FAE04EC0-301F-11D3-BF4B-00C04F79EFBC}") = "Lab1_Shablony", "Lab1_Shablony\Lab1_Shablony.csproj", "{97B33864-5563-4A48-B34A-F135E99EA231}"
EndProject
Global
	GlobalSection(SolutionConfigurationPlatforms) = preSolution
		Debug|Any CPU = Debug|Any CPU
		Release|Any CPU = Release|Any CPU
	EndGlobalSection
	GlobalSection(ProjectConfigurationPlatforms) = postSolution
		{97B33864-5563-4A48-B34A-F135E99EA231}.Debug|Any CPU.ActiveCfg = Debug|Any CPU
		{97B33864-5563-4A48-B34A-F135E99EA231}.Debug|Any CPU.Build.0 = Debug|Any CPU
		{97B33864-5563-4A48-B34A-F135E99EA231}.Release|Any CPU.ActiveCfg = Release|Any CPU
		{97B33864-5563-4A48-B34A-F135E99EA231}.Release|Any CPU.Build.0 = Release|Any CPU
	EndGlobalSection
	GlobalSection(SolutionProperties) = preSolution
		HideSolutionNode = FALSE
	EndGlobalSection
	GlobalSection(ExtensibilityGlobals) = postSolution
		SolutionGuid = {EEF760B1-0073-4143-80FF-FC3B72A69C95}
	EndGlobalSection
EndGlobal
