
Microsoft Visual Studio Solution File, Format Version 12.00
# Visual Studio Version 17
VisualStudioVersion = 17.4.33213.308
MinimumVisualStudioVersion = 10.0.40219.1
Project("{FAE04EC0-301F-11D3-BF4B-00C04F79EFBC}") = "modul1_Shablony", "modul1_Shablony\modul1_Shablony.csproj", "{2E4F25BA-3A15-4605-B264-D8583D4DE466}"
EndProject
Global
	GlobalSection(SolutionConfigurationPlatforms) = preSolution
		Debug|Any CPU = Debug|Any CPU
		Release|Any CPU = Release|Any CPU
	EndGlobalSection
	GlobalSection(ProjectConfigurationPlatforms) = postSolution
		{2E4F25BA-3A15-4605-B264-D8583D4DE466}.Debug|Any CPU.ActiveCfg = Debug|Any CPU
		{2E4F25BA-3A15-4605-B264-D8583D4DE466}.Debug|Any CPU.Build.0 = Debug|Any CPU
		{2E4F25BA-3A15-4605-B264-D8583D4DE466}.Release|Any CPU.ActiveCfg = Release|Any CPU
		{2E4F25BA-3A15-4605-B264-D8583D4DE466}.Release|Any CPU.Build.0 = Release|Any CPU
	EndGlobalSection
	GlobalSection(SolutionProperties) = preSolution
		HideSolutionNode = FALSE
	EndGlobalSection
	GlobalSection(ExtensibilityGlobals) = postSolution
		SolutionGuid = {9985553C-BC23-4BD3-8119-AD1A91C936AC}
	EndGlobalSection
EndGlobal
