
Microsoft Visual Studio Solution File, Format Version 12.00
# Visual Studio Version 17
VisualStudioVersion = 17.4.33213.308
MinimumVisualStudioVersion = 10.0.40219.1
Project("{FAE04EC0-301F-11D3-BF4B-00C04F79EFBC}") = "Lab2_Shablony", "Lab2_Shablony\Lab2_Shablony.csproj", "{DDBD5CB1-AEEE-48C4-9251-08AA4D2A012D}"
EndProject
Global
	GlobalSection(SolutionConfigurationPlatforms) = preSolution
		Debug|Any CPU = Debug|Any CPU
		Release|Any CPU = Release|Any CPU
	EndGlobalSection
	GlobalSection(ProjectConfigurationPlatforms) = postSolution
		{DDBD5CB1-AEEE-48C4-9251-08AA4D2A012D}.Debug|Any CPU.ActiveCfg = Debug|Any CPU
		{DDBD5CB1-AEEE-48C4-9251-08AA4D2A012D}.Debug|Any CPU.Build.0 = Debug|Any CPU
		{DDBD5CB1-AEEE-48C4-9251-08AA4D2A012D}.Release|Any CPU.ActiveCfg = Release|Any CPU
		{DDBD5CB1-AEEE-48C4-9251-08AA4D2A012D}.Release|Any CPU.Build.0 = Release|Any CPU
	EndGlobalSection
	GlobalSection(SolutionProperties) = preSolution
		HideSolutionNode = FALSE
	EndGlobalSection
	GlobalSection(ExtensibilityGlobals) = postSolution
		SolutionGuid = {71E836AA-AF00-4E9C-A16E-23111D0BEF36}
	EndGlobalSection
EndGlobal
