
Microsoft Visual Studio Solution File, Format Version 12.00
# Visual Studio Version 17
VisualStudioVersion = 17.4.33213.308
MinimumVisualStudioVersion = 10.0.40219.1
Project("{FAE04EC0-301F-11D3-BF4B-00C04F79EFBC}") = "modul2", "modul2\modul2.csproj", "{9450E935-0DFD-446C-884B-5947722526CE}"
EndProject
Global
	GlobalSection(SolutionConfigurationPlatforms) = preSolution
		Debug|Any CPU = Debug|Any CPU
		Release|Any CPU = Release|Any CPU
	EndGlobalSection
	GlobalSection(ProjectConfigurationPlatforms) = postSolution
		{9450E935-0DFD-446C-884B-5947722526CE}.Debug|Any CPU.ActiveCfg = Debug|Any CPU
		{9450E935-0DFD-446C-884B-5947722526CE}.Debug|Any CPU.Build.0 = Debug|Any CPU
		{9450E935-0DFD-446C-884B-5947722526CE}.Release|Any CPU.ActiveCfg = Release|Any CPU
		{9450E935-0DFD-446C-884B-5947722526CE}.Release|Any CPU.Build.0 = Release|Any CPU
	EndGlobalSection
	GlobalSection(SolutionProperties) = preSolution
		HideSolutionNode = FALSE
	EndGlobalSection
	GlobalSection(ExtensibilityGlobals) = postSolution
		SolutionGuid = {D1EF131C-9319-4AC9-B677-1E011319D46C}
	EndGlobalSection
EndGlobal
