
Microsoft Visual Studio Solution File, Format Version 12.00
# Visual Studio Version 17
VisualStudioVersion = 17.4.33213.308
MinimumVisualStudioVersion = 10.0.40219.1
Project("{FAE04EC0-301F-11D3-BF4B-00C04F79EFBC}") = "Lab4_Shablony", "Lab4_Shablony\Lab4_Shablony.csproj", "{46074394-FB47-47F3-9912-06AEF8769347}"
EndProject
Global
	GlobalSection(SolutionConfigurationPlatforms) = preSolution
		Debug|Any CPU = Debug|Any CPU
		Release|Any CPU = Release|Any CPU
	EndGlobalSection
	GlobalSection(ProjectConfigurationPlatforms) = postSolution
		{46074394-FB47-47F3-9912-06AEF8769347}.Debug|Any CPU.ActiveCfg = Debug|Any CPU
		{46074394-FB47-47F3-9912-06AEF8769347}.Debug|Any CPU.Build.0 = Debug|Any CPU
		{46074394-FB47-47F3-9912-06AEF8769347}.Release|Any CPU.ActiveCfg = Release|Any CPU
		{46074394-FB47-47F3-9912-06AEF8769347}.Release|Any CPU.Build.0 = Release|Any CPU
	EndGlobalSection
	GlobalSection(SolutionProperties) = preSolution
		HideSolutionNode = FALSE
	EndGlobalSection
	GlobalSection(ExtensibilityGlobals) = postSolution
		SolutionGuid = {D2B50ACD-B27C-4DAD-B7DB-9EC2D950F9BD}
	EndGlobalSection
EndGlobal
